{
  "nodes": {
    "agent-capabilities": {
      "flake": false,
      "locked": {
        "lastModified": 1774452566,
        "narHash": "sha256-a/0O0Z8wyjRLa9Icvqf5zFj+jD97sa8n7oUM63vbpbU=",
        "ref": "refs/heads/main",
        "rev": "37191271381431e4b6685f1236aa41a3977b6a3a",
        "revCount": 47,
        "type": "git",
        "url": "ssh://git@github.com/christian-oudard/agent-capabilities"
      },
      "original": {
        "type": "git",
        "url": "ssh://git@github.com/christian-oudard/agent-capabilities"
      }
    },
    "claude-code": {
      "inputs": {
        "flake-utils": "flake-utils",
        "nixpkgs": [
          "nixpkgs"
        ]
      },
      "locked": {
        "lastModified": 1776481103,
        "narHash": "sha256-Shpva2KLLCPrccheErmYM7lFj9oNZukp9Rt5OyK+lz4=",
        "owner": "sadjow",
        "repo": "claude-code-nix",
        "rev": "bd9193ae204d0c05a69c9d943ee71c0de57454c9",
        "type": "github"
      },
      "original": {
        "owner": "sadjow",
        "repo": "claude-code-nix",
        "type": "github"
      }
    },
    "claude-plugins-official": {
      "flake": false,
      "locked": {
        "lastModified": 1775241870,
        "narHash": "sha256-LJvrad5jrI0syAYjvQgtzSY7VecXZxCnIpyqbDM4al4=",
        "owner": "anthropics",
        "repo": "claude-plugins-official",
        "rev": "104d39be10b7b1380b2ae23a387a11a297b599c3",
        "type": "github"
      },
      "original": {
        "owner": "anthropics",
        "repo": "claude-plugins-official",
        "type": "github"
      }
    },
    "disko": {
      "inputs": {
        "nixpkgs": [
          "nixpkgs"
        ]
      },
      "locked": {
        "lastModified": 1773889306,
        "narHash": "sha256-PAqwnsBSI9SVC2QugvQ3xeYCB0otOwCacB1ueQj2tgw=",
        "owner": "nix-community",
        "repo": "disko",
        "rev": "5ad85c82cc52264f4beddc934ba57f3789f28347",
        "type": "github"
      },
      "original": {
        "owner": "nix-community",
        "repo": "disko",
        "type": "github"
      }
    },
    "flake-utils": {
      "inputs": {
        "systems": "systems"
      },
      "locked": {
        "lastModified": 1731533236,
        "narHash": "sha256-l0KFg5HjrsfsO/JpG+r7fRrqm12kzFHyUHqHCVpMMbI=",
        "owner": "numtide",
        "repo": "flake-utils",
        "rev": "11707dc2f618dd54ca8739b309ec4fc024de578b",
        "type": "github"
      },
      "original": {
        "owner": "numtide",
        "repo": "flake-utils",
        "type": "github"
      }
    },
    "home-manager": {
      "inputs": {
        "nixpkgs": [
          "nixpkgs"
        ]
      },
      "locked": {
        "lastModified": 1775457580,
        "narHash": "sha256-ikws/ssAmG20AGrEwBuwspwPlkubJu34mB+Uz2fJBJs=",
        "owner": "nix-community",
        "repo": "home-manager",
        "rev": "5de7dbd151b0bd65d45785553d4a22d832733ffc",
        "type": "github"
      },
      "original": {
        "owner": "nix-community",
        "repo": "home-manager",
        "type": "github"
      }
    },
    "nixpkgs": {
      "locked": {
        "lastModified": 1775036866,
        "narHash": "sha256-ZojAnPuCdy657PbTq5V0Y+AHKhZAIwSIT2cb8UgAz/U=",
        "owner": "NixOS",
        "repo": "nixpkgs",
        "rev": "6201e203d09599479a3b3450ed24fa81537ebc4e",
        "type": "github"
      },
      "original": {
        "owner": "NixOS",
        "ref": "nixos-unstable",
        "repo": "nixpkgs",
        "type": "github"
      }
    },
    "persist": {
      "inputs": {
        "nixpkgs": [
          "nixpkgs"
        ]
      },
      "locked": {
        "lastModified": 1775748252,
        "narHash": "sha256-clVplIfK/pGVDjBhy9wHNKCt1Q5YMVLA9ce3k/qOG0Q=",
        "owner": "christian-oudard",
        "repo": "persist",
        "rev": "1461f476a4124f222736cfe957e1c3d2d907c7d6",
        "type": "github"
      },
      "original": {
        "owner": "christian-oudard",
        "repo": "persist",
        "type": "github"
      }
    },
    "root": {
      "inputs": {
        "agent-capabilities": "agent-capabilities",
        "claude-code": "claude-code",
        "claude-plugins-official": "claude-plugins-official",
        "disko": "disko",
        "home-manager": "home-manager",
        "nixpkgs": "nixpkgs",
        "persist": "persist",
        "whisper-dictation-src": "whisper-dictation-src"
      }
    },
    "systems": {
      "locked": {
        "lastModified": 1681028828,
        "narHash": "sha256-Vy1rq5AaRuLzOxct8nz4T6wlgyUR7zLU309k9mBC768=",
        "owner": "nix-systems",
        "repo": "default",
        "rev": "da67096a3b9bf56a91d16901293e51ba5b49a27e",
        "type": "github"
      },
      "original": {
        "owner": "nix-systems",
        "repo": "default",
        "type": "github"
      }
    },
    "whisper-dictation-src": {
      "flake": false,
      "locked": {
        "lastModified": 1773646553,
        "narHash": "sha256-XnkGO9w9JAS7Z1Wln0MfeqSOywZJymlbcr3lnD4I+pM=",
        "owner": "christian-oudard",
        "repo": "whisper_dictation",
        "rev": "60cd0e11bb2e2d0a04a335800cc297484458a52a",
        "type": "github"
      },
      "original": {
        "owner": "christian-oudard",
        "repo": "whisper_dictation",
        "type": "github"
      }
    }
  },
  "root": "root",
  "version": 7
}
