{
  "nodes": {
    "claude-code": {
      "inputs": {
        "nixpkgs": [
          "nixpkgs"
        ],
        "systems": "systems"
      },
      "locked": {
        "lastModified": 1788285734,
        "narHash": "sha256-/cwJ6Wa/hrurskanEPtwhW05ml1Lqzlh+Dd4fdApd5Y=",
        "owner": "sadjow",
        "repo": "claude-code-nix",
        "rev": "6b3711f18290d449fb40d98db56af2ff92a7f045",
        "type": "github"
      },
      "original": {
        "owner": "sadjow",
        "repo": "claude-code-nix",
        "type": "github"
      }
    },
    "claude-code_2": {
      "inputs": {
        "flake-utils": "flake-utils_2",
        "nixpkgs": [
          "coding-cave",
          "nixpkgs"
        ]
      },
      "locked": {
        "lastModified": 1784758749,
        "narHash": "sha256-rNwvRrqedbd6jspIckIb5brLrAWmdOMqhqxLORTVx8Q=",
        "owner": "sadjow",
        "repo": "claude-code-nix",
        "rev": "1343337ba7dbc8b72bbe4d0f7084e95acc46570c",
        "type": "github"
      },
      "original": {
        "owner": "sadjow",
        "repo": "claude-code-nix",
        "type": "github"
      }
    },
    "claude-plugins-official": {
      "flake": false,
      "locked": {
        "lastModified": 1786757077,
        "narHash": "sha256-n8gv++nJ3dRoF+bAM3rODicIgSRi5fE7q+GY5HWHB4g=",
        "owner": "anthropics",
        "repo": "claude-plugins-official",
        "rev": "7f19a36438e68783a960d4096c45d6af97739674",
        "type": "github"
      },
      "original": {
        "owner": "anthropics",
        "repo": "claude-plugins-official",
        "type": "github"
      }
    },
    "codex-cli": {
      "inputs": {
        "flake-utils": "flake-utils",
        "nixpkgs": [
          "nixpkgs"
        ]
      },
      "locked": {
        "lastModified": 1786067426,
        "narHash": "sha256-Qvi7ZJ9MpkUXdeu+zjxYkR92BIvwqp7LpqxbnZzVTOg=",
        "owner": "sadjow",
        "repo": "codex-cli-nix",
        "rev": "edc92332229d4e8c658f5f2fda3a8e29280e8a1a",
        "type": "github"
      },
      "original": {
        "owner": "sadjow",
        "repo": "codex-cli-nix",
        "type": "github"
      }
    },
    "coding-cave": {
      "inputs": {
        "claude-code": "claude-code_2",
        "crane": "crane",
        "crinj": "crinj",
        "home-manager": "home-manager",
        "nixpkgs": [
          "nixpkgs"
        ]
      },
      "locked": {
        "lastModified": 1788304160,
        "narHash": "sha256-kJbr2DV+GQAJyCeEZgi6iuURaA9hkUvsVKdg+bLKaCY=",
        "ref": "refs/heads/main",
        "rev": "26bd5bda9b4e993426f038e1c0de290ddfab9680",
        "revCount": 213,
        "type": "git",
        "url": "ssh://git@github.com/christian-oudard/coding-cave"
      },
      "original": {
        "type": "git",
        "url": "ssh://git@github.com/christian-oudard/coding-cave"
      }
    },
    "crane": {
      "locked": {
        "lastModified": 1780099841,
        "narHash": "sha256-EVZd2RsbpreRUDSi9rBwPY+ZxoyMaiEBbZxxhljbaS4=",
        "owner": "ipetkov",
        "repo": "crane",
        "rev": "0532eb17955225173906d671fb36306bdeb1e2dc",
        "type": "github"
      },
      "original": {
        "owner": "ipetkov",
        "repo": "crane",
        "type": "github"
      }
    },
    "crinj": {
      "inputs": {
        "nixpkgs": [
          "coding-cave",
          "nixpkgs"
        ]
      },
      "locked": {
        "lastModified": 1787800812,
        "narHash": "sha256-y+OMzom8sYuoqoy0WlU8uY5HhxkWzLc+RgPXUnuHFFo=",
        "owner": "christian-oudard",
        "repo": "crinj",
        "rev": "a4c95cca7064dbfafd6ef0f5479d9bcce15ea805",
        "type": "github"
      },
      "original": {
        "owner": "christian-oudard",
        "repo": "crinj",
        "type": "github"
      }
    },
    "diktat": {
      "inputs": {
        "nixpkgs": [
          "nixpkgs"
        ],
        "transcribe-cpp": "transcribe-cpp"
      },
      "locked": {
        "lastModified": 1788736561,
        "narHash": "sha256-fyu3Kk87DQ9UqXBzEPRto3+zfROd3old/OS14ac5HBw=",
        "owner": "christian-oudard",
        "repo": "diktat",
        "rev": "aaeda4b1add63335b6f1cc8579773fed3a301bf9",
        "type": "github"
      },
      "original": {
        "owner": "christian-oudard",
        "repo": "diktat",
        "type": "github"
      }
    },
    "disko": {
      "inputs": {
        "nixpkgs": [
          "nixpkgs"
        ]
      },
      "locked": {
        "lastModified": 1781152676,
        "narHash": "sha256-RxWs5ND31KzTG7wvMM+PMfUjyNpmIEr999lqNARaM5o=",
        "owner": "nix-community",
        "repo": "disko",
        "rev": "ff8702b4de27f72b4c78573dfb89ec74e36abdf1",
        "type": "github"
      },
      "original": {
        "owner": "nix-community",
        "repo": "disko",
        "type": "github"
      }
    },
    "flake-utils": {
      "inputs": {
        "systems": "systems_2"
      },
      "locked": {
        "lastModified": 1731533236,
        "narHash": "sha256-l0KFg5HjrsfsO/JpG+r7fRrqm12kzFHyUHqHCVpMMbI=",
        "owner": "numtide",
        "repo": "flake-utils",
        "rev": "11707dc2f618dd54ca8739b309ec4fc024de578b",
        "type": "github"
      },
      "original": {
        "owner": "numtide",
        "repo": "flake-utils",
        "type": "github"
      }
    },
    "flake-utils_2": {
      "inputs": {
        "systems": "systems_3"
      },
      "locked": {
        "lastModified": 1731533236,
        "narHash": "sha256-l0KFg5HjrsfsO/JpG+r7fRrqm12kzFHyUHqHCVpMMbI=",
        "owner": "numtide",
        "repo": "flake-utils",
        "rev": "11707dc2f618dd54ca8739b309ec4fc024de578b",
        "type": "github"
      },
      "original": {
        "owner": "numtide",
        "repo": "flake-utils",
        "type": "github"
      }
    },
    "home-manager": {
      "inputs": {
        "nixpkgs": [
          "coding-cave",
          "nixpkgs"
        ]
      },
      "locked": {
        "lastModified": 1786887553,
        "narHash": "sha256-0J8EwNSJ/2OeyuvXgfG+k5uBT1gkg0ww7VEo+14xl50=",
        "owner": "nix-community",
        "repo": "home-manager",
        "rev": "5bd505963717a894b02a57cdbcc00db28d9b029f",
        "type": "github"
      },
      "original": {
        "owner": "nix-community",
        "repo": "home-manager",
        "type": "github"
      }
    },
    "home-manager_2": {
      "inputs": {
        "nixpkgs": [
          "nixpkgs"
        ]
      },
      "locked": {
        "lastModified": 1786719456,
        "narHash": "sha256-B74DLQs/VjlqyhnnX3tguWwghqJHWSJX30TKZuAljIg=",
        "owner": "nix-community",
        "repo": "home-manager",
        "rev": "83b7606dcf44abe3a94b86e8bb2b3355d22e8797",
        "type": "github"
      },
      "original": {
        "owner": "nix-community",
        "repo": "home-manager",
        "type": "github"
      }
    },
    "nixpkgs": {
      "locked": {
        "lastModified": 1786599213,
        "narHash": "sha256-yNJd40f11EzXBjSByCB7IPpeFFAdeoSKKM67dGkfFoU=",
        "owner": "NixOS",
        "repo": "nixpkgs",
        "rev": "0e251e24a4f24e036a084b6b4b2d2491af4167f4",
        "type": "github"
      },
      "original": {
        "owner": "NixOS",
        "ref": "nixos-unstable",
        "repo": "nixpkgs",
        "type": "github"
      }
    },
    "persist": {
      "inputs": {
        "nixpkgs": [
          "nixpkgs"
        ]
      },
      "locked": {
        "lastModified": 1787155097,
        "narHash": "sha256-I/Eyfk/46m7QPwYEtGDminweYkIkfsRHEK62EzGycSQ=",
        "owner": "christian-oudard",
        "repo": "persist",
        "rev": "2a65756498aa02e290fcf149236478cebd047120",
        "type": "github"
      },
      "original": {
        "owner": "christian-oudard",
        "repo": "persist",
        "type": "github"
      }
    },
    "root": {
      "inputs": {
        "claude-code": "claude-code",
        "claude-plugins-official": "claude-plugins-official",
        "codex-cli": "codex-cli",
        "coding-cave": "coding-cave",
        "diktat": "diktat",
        "disko": "disko",
        "home-manager": "home-manager_2",
        "nixpkgs": "nixpkgs",
        "persist": "persist"
      }
    },
    "systems": {
      "locked": {
        "lastModified": 1681028828,
        "narHash": "sha256-Vy1rq5AaRuLzOxct8nz4T6wlgyUR7zLU309k9mBC768=",
        "owner": "nix-systems",
        "repo": "default",
        "rev": "da67096a3b9bf56a91d16901293e51ba5b49a27e",
        "type": "github"
      },
      "original": {
        "owner": "nix-systems",
        "repo": "default",
        "type": "github"
      }
    },
    "systems_2": {
      "locked": {
        "lastModified": 1681028828,
        "narHash": "sha256-Vy1rq5AaRuLzOxct8nz4T6wlgyUR7zLU309k9mBC768=",
        "owner": "nix-systems",
        "repo": "default",
        "rev": "da67096a3b9bf56a91d16901293e51ba5b49a27e",
        "type": "github"
      },
      "original": {
        "owner": "nix-systems",
        "repo": "default",
        "type": "github"
      }
    },
    "systems_3": {
      "locked": {
        "lastModified": 1681028828,
        "narHash": "sha256-Vy1rq5AaRuLzOxct8nz4T6wlgyUR7zLU309k9mBC768=",
        "owner": "nix-systems",
        "repo": "default",
        "rev": "da67096a3b9bf56a91d16901293e51ba5b49a27e",
        "type": "github"
      },
      "original": {
        "owner": "nix-systems",
        "repo": "default",
        "type": "github"
      }
    },
    "transcribe-cpp": {
      "inputs": {
        "nixpkgs": [
          "diktat",
          "nixpkgs"
        ]
      },
      "locked": {
        "lastModified": 1787880208,
        "narHash": "sha256-0b/rJYCMBaNosaDGUqOecyQybqa8ITWi6o7b6wfmQyQ=",
        "owner": "christian-oudard",
        "repo": "transcribe.cpp",
        "rev": "6d95b3e9faf525de844ea2ca19e83bc338902ecd",
        "type": "github"
      },
      "original": {
        "owner": "christian-oudard",
        "repo": "transcribe.cpp",
        "type": "github"
      }
    }
  },
  "root": "root",
  "version": 7
}
