{
  "nodes": {
    "claude-code": {
      "inputs": {
        "nixpkgs": [
          "nixpkgs"
        ],
        "systems": "systems"
      },
      "locked": {
        "lastModified": 1791399799,
        "narHash": "sha256-OA4FQegGDTcdXsiBjQsrtgmTlY//pdTjmlCAw7lNPYg=",
        "owner": "sadjow",
        "repo": "claude-code-nix",
        "rev": "a7d0e55859b355f2010a89e99d85999b681562b5",
        "type": "github"
      },
      "original": {
        "owner": "sadjow",
        "repo": "claude-code-nix",
        "type": "github"
      }
    },
    "claude-plugins-official": {
      "flake": false,
      "locked": {
        "lastModified": 1786757077,
        "narHash": "sha256-n8gv++nJ3dRoF+bAM3rODicIgSRi5fE7q+GY5HWHB4g=",
        "owner": "anthropics",
        "repo": "claude-plugins-official",
        "rev": "7f19a36438e68783a960d4096c45d6af97739674",
        "type": "github"
      },
      "original": {
        "owner": "anthropics",
        "repo": "claude-plugins-official",
        "type": "github"
      }
    },
    "codex-cli": {
      "inputs": {
        "flake-utils": "flake-utils",
        "nixpkgs": [
          "nixpkgs"
        ]
      },
      "locked": {
        "lastModified": 1788995571,
        "narHash": "sha256-I58IVp7HfT3TTKZJ5kh7/Lttu9DnRZFC0qmvxnIvIj4=",
        "owner": "sadjow",
        "repo": "codex-cli-nix",
        "rev": "33542c7e7139127a4bac1cbe0fac8c81a570410a",
        "type": "github"
      },
      "original": {
        "owner": "sadjow",
        "repo": "codex-cli-nix",
        "type": "github"
      }
    },
    "diktat": {
      "inputs": {
        "nixpkgs": [
          "nixpkgs"
        ],
        "transcribe-cpp": "transcribe-cpp"
      },
      "locked": {
        "lastModified": 1791480100,
        "narHash": "sha256-K1zav7E/hyxLZ0X30hMSeZSlNG7I+E/Ifun4LfVy3ZI=",
        "owner": "christian-oudard",
        "repo": "diktat",
        "rev": "ab31678904a483baff0334911db28b3ee0a98f4e",
        "type": "github"
      },
      "original": {
        "owner": "christian-oudard",
        "repo": "diktat",
        "type": "github"
      }
    },
    "disko": {
      "inputs": {
        "nixpkgs": [
          "nixpkgs"
        ]
      },
      "locked": {
        "lastModified": 1781152676,
        "narHash": "sha256-RxWs5ND31KzTG7wvMM+PMfUjyNpmIEr999lqNARaM5o=",
        "owner": "nix-community",
        "repo": "disko",
        "rev": "ff8702b4de27f72b4c78573dfb89ec74e36abdf1",
        "type": "github"
      },
      "original": {
        "owner": "nix-community",
        "repo": "disko",
        "type": "github"
      }
    },
    "flake-utils": {
      "inputs": {
        "systems": "systems_2"
      },
      "locked": {
        "lastModified": 1731533236,
        "narHash": "sha256-l0KFg5HjrsfsO/JpG+r7fRrqm12kzFHyUHqHCVpMMbI=",
        "owner": "numtide",
        "repo": "flake-utils",
        "rev": "11707dc2f618dd54ca8739b309ec4fc024de578b",
        "type": "github"
      },
      "original": {
        "owner": "numtide",
        "repo": "flake-utils",
        "type": "github"
      }
    },
    "home-manager": {
      "inputs": {
        "nixpkgs": [
          "nixpkgs"
        ]
      },
      "locked": {
        "lastModified": 1786719456,
        "narHash": "sha256-B74DLQs/VjlqyhnnX3tguWwghqJHWSJX30TKZuAljIg=",
        "owner": "nix-community",
        "repo": "home-manager",
        "rev": "83b7606dcf44abe3a94b86e8bb2b3355d22e8797",
        "type": "github"
      },
      "original": {
        "owner": "nix-community",
        "repo": "home-manager",
        "type": "github"
      }
    },
    "journal-hours": {
      "inputs": {
        "nixpkgs": [
          "nixpkgs"
        ]
      },
      "locked": {
        "lastModified": 1781713795,
        "narHash": "sha256-talPnG6lfAJ+8XJYyj3aX96t47Azo0n05LHCpWqyCAM=",
        "owner": "christian-oudard",
        "repo": "journal_hours",
        "rev": "f17ac7ff91e34054181294fec26a631103c7e2f6",
        "type": "github"
      },
      "original": {
        "owner": "christian-oudard",
        "repo": "journal_hours",
        "type": "github"
      }
    },
    "nixpkgs": {
      "locked": {
        "lastModified": 1786599213,
        "narHash": "sha256-yNJd40f11EzXBjSByCB7IPpeFFAdeoSKKM67dGkfFoU=",
        "owner": "NixOS",
        "repo": "nixpkgs",
        "rev": "0e251e24a4f24e036a084b6b4b2d2491af4167f4",
        "type": "github"
      },
      "original": {
        "owner": "NixOS",
        "ref": "nixos-unstable",
        "repo": "nixpkgs",
        "type": "github"
      }
    },
    "persist": {
      "inputs": {
        "nixpkgs": [
          "nixpkgs"
        ]
      },
      "locked": {
        "lastModified": 1787155097,
        "narHash": "sha256-I/Eyfk/46m7QPwYEtGDminweYkIkfsRHEK62EzGycSQ=",
        "owner": "christian-oudard",
        "repo": "persist",
        "rev": "2a65756498aa02e290fcf149236478cebd047120",
        "type": "github"
      },
      "original": {
        "owner": "christian-oudard",
        "repo": "persist",
        "type": "github"
      }
    },
    "root": {
      "inputs": {
        "claude-code": "claude-code",
        "claude-plugins-official": "claude-plugins-official",
        "codex-cli": "codex-cli",
        "diktat": "diktat",
        "disko": "disko",
        "home-manager": "home-manager",
        "journal-hours": "journal-hours",
        "nixpkgs": "nixpkgs",
        "persist": "persist"
      }
    },
    "systems": {
      "locked": {
        "lastModified": 1791244623,
        "narHash": "sha256-uuanbkFk8a313Zfrxdcz8Us/yQtaxNnKJtX8v0ZPpd8=",
        "owner": "nix-systems",
        "repo": "default",
        "rev": "d36eeed142f88b5a636f2e3856a53c61654cf29b",
        "type": "github"
      },
      "original": {
        "owner": "nix-systems",
        "repo": "default",
        "type": "github"
      }
    },
    "systems_2": {
      "locked": {
        "lastModified": 1681028828,
        "narHash": "sha256-Vy1rq5AaRuLzOxct8nz4T6wlgyUR7zLU309k9mBC768=",
        "owner": "nix-systems",
        "repo": "default",
        "rev": "da67096a3b9bf56a91d16901293e51ba5b49a27e",
        "type": "github"
      },
      "original": {
        "owner": "nix-systems",
        "repo": "default",
        "type": "github"
      }
    },
    "transcribe-cpp": {
      "inputs": {
        "nixpkgs": [
          "diktat",
          "nixpkgs"
        ]
      },
      "locked": {
        "lastModified": 1791394862,
        "narHash": "sha256-BJADO4oXUmqtRtiF1G+2n+LMehuhLauGd2GXfeXP7+s=",
        "owner": "christian-oudard",
        "repo": "transcribe.cpp",
        "rev": "df604a2ccaf4fbb7616f929c2e03b40fdf93d17c",
        "type": "github"
      },
      "original": {
        "owner": "christian-oudard",
        "repo": "transcribe.cpp",
        "type": "github"
      }
    }
  },
  "root": "root",
  "version": 7
}
